// !$*UTF8*$!
{
	archiveVersion = 1;
	classes = {
	};
	objectVersion = 50;
	objects = {

/* Begin PBXBuildFile section */
		F4C253EE22115C9E00215396 /* AppDelegate.swift in Sources */ = {isa = PBXBuildFile; fileRef = F4C253ED22115C9E00215396 /* AppDelegate.swift */; };
		F4C253F022115C9E00215396 /* ViewController.swift in Sources */ = {isa = PBXBuildFile; fileRef = F4C253EF22115C9E00215396 /* ViewController.swift */; };
		F4C253F322115C9E00215396 /* Main.storyboard in Resources */ = {isa = PBXBuildFile; fileRef = F4C253F122115C9E00215396 /* Main.storyboard */; };
		F4C253F522115C9F00215396 /* Assets.xcassets in Resources */ = {isa = PBXBuildFile; fileRef = F4C253F422115C9E00215396 /* Assets.xcassets */; };
		F4C253F822115C9F00215396 /* LaunchScreen.storyboard in Resources */ = {isa = PBXBuildFile; fileRef = F4C253F622115C9F00215396 /* LaunchScreen.storyboard */; };
		F4C2540022115CDA00215396 /* InputViewController.swift in Sources */ = {isa = PBXBuildFile; fileRef = F4C253FF22115CDA00215396 /* InputViewController.swift */; };
		F60B6F1BB7899673A8CF1BDB /* Pods_favotime.framework in Frameworks */ = {isa = PBXBuildFile; fileRef = 6675AB4865CDAABBAD7A13C4 /* Pods_favotime.framework */; };
/* End PBXBuildFile section */

/* Begin PBXFileReference section */
		6675AB4865CDAABBAD7A13C4 /* Pods_favotime.framework */ = {isa = PBXFileReference; explicitFileType = wrapper.framework; includeInIndex = 0; path = Pods_favotime.framework; sourceTree = BUILT_PRODUCTS_DIR; };
		7C382284A78AD9C2E362C847 /* Pods-favotime.release.xcconfig */ = {isa = PBXFileReference; includeInIndex = 1; lastKnownFileType = text.xcconfig; name = "Pods-favotime.release.xcconfig"; path = "Pods/Target Support Files/Pods-favotime/Pods-favotime.release.xcconfig"; sourceTree = "<group>"; };
		F4C253EA22115C9E00215396 /* favotime.app */ = {isa = PBXFileReference; explicitFileType = wrapper.application; includeInIndex = 0; path = favotime.app; sourceTree = BUILT_PRODUCTS_DIR; };
		F4C253ED22115C9E00215396 /* AppDelegate.swift */ = {isa = PBXFileReference; lastKnownFileType = sourcecode.swift; path = AppDelegate.swift; sourceTree = "<group>"; };
		F4C253EF22115C9E00215396 /* ViewController.swift */ = {isa = PBXFileReference; lastKnownFileType = sourcecode.swift; path = ViewController.swift; sourceTree = "<group>"; };
		F4C253F222115C9E00215396 /* Base */ = {isa = PBXFileReference; lastKnownFileType = file.storyboard; name = Base; path = Base.lproj/Main.storyboard; sourceTree = "<group>"; };
		F4C253F422115C9E00215396 /* Assets.xcassets */ = {isa = PBXFileReference; lastKnownFileType = folder.assetcatalog; path = Assets.xcassets; sourceTree = "<group>"; };
		F4C253F722115C9F00215396 /* Base */ = {isa = PBXFileReference; lastKnownFileType = file.storyboard; name = Base; path = Base.lproj/LaunchScreen.storyboard; sourceTree = "<group>"; };
		F4C253F922115C9F00215396 /* Info.plist */ = {isa = PBXFileReference; lastKnownFileType = text.plist.xml; path = Info.plist; sourceTree = "<group>"; };
		F4C253FF22115CDA00215396 /* InputViewController.swift */ = {isa = PBXFileReference; lastKnownFileType = sourcecode.swift; path = InputViewController.swift; sourceTree = "<group>"; };
		F69FAC481C85066B72DA60BC /* Pods-favotime.debug.xcconfig */ = {isa = PBXFileReference; includeInIndex = 1; lastKnownFileType = text.xcconfig; name = "Pods-favotime.debug.xcconfig"; path = "Pods/Target Support Files/Pods-favotime/Pods-favotime.debug.xcconfig"; sourceTree = "<group>"; };
/* End PBXFileReference section */

/* Begin PBXFrameworksBuildPhase section */
		F4C253E722115C9E00215396 /* Frameworks */ = {
			isa = PBXFrameworksBuildPhase;
			buildActionMask = 2147483647;
			files = (
				F60B6F1BB7899673A8CF1BDB /* Pods_favotime.framework in Frameworks */,
			);
			runOnlyForDeploymentPostprocessing = 0;
		};
/* End PBXFrameworksBuildPhase section */

/* Begin PBXGroup section */
		129CC43B99E81D7A93DF8853 /* Pods */ = {
			isa = PBXGroup;
			children = (
				F69FAC481C85066B72DA60BC /* Pods-favotime.debug.xcconfig */,
				7C382284A78AD9C2E362C847 /* Pods-favotime.release.xcconfig */,
			);
			name = Pods;
			sourceTree = "<group>";
		};
		E1FB8CF0A439BC1E6541EDEE /* Frameworks */ = {
			isa = PBXGroup;
			children = (
				6675AB4865CDAABBAD7A13C4 /* Pods_favotime.framework */,
			);
			name = Frameworks;
			sourceTree = "<group>";
		};
		F4C253E122115C9E00215396 = {
			isa = PBXGroup;
			children = (
				F4C253EC22115C9E00215396 /* favotime */,
				F4C253EB22115C9E00215396 /* Products */,
				129CC43B99E81D7A93DF8853 /* Pods */,
				E1FB8CF0A439BC1E6541EDEE /* Frameworks */,
			);
			sourceTree = "<group>";
		};
		F4C253EB22115C9E00215396 /* Products */ = {
			isa = PBXGroup;
			children = (
				F4C253EA22115C9E00215396 /* favotime.app */,
			);
			name = Products;
			sourceTree = "<group>";
		};
		F4C253EC22115C9E00215396 /* favotime */ = {
			isa = PBXGroup;
			children = (
				F4C253ED22115C9E00215396 /* AppDelegate.swift */,
				F4C253EF22115C9E00215396 /* ViewController.swift */,
				F4C253F122115C9E00215396 /* Main.storyboard */,
				F4C253F422115C9E00215396 /* Assets.xcassets */,
				F4C253F622115C9F00215396 /* LaunchScreen.storyboard */,
				F4C253F922115C9F00215396 /* Info.plist */,
				F4C253FF22115CDA00215396 /* InputViewController.swift */,
			);
			path = favotime;
			sourceTree = "<group>";
		};
/* End PBXGroup section */

/* Begin PBXNativeTarget section */
		F4C253E922115C9E00215396 /* favotime */ = {
			isa = PBXNativeTarget;
			buildConfigurationList = F4C253FC22115C9F00215396 /* Build configuration list for PBXNativeTarget "favotime" */;
			buildPhases = (
				EEFE336131587B8E8331D0B8 /* [CP] Check Pods Manifest.lock */,
				F4C253E622115C9E00215396 /* Sources */,
				F4C253E722115C9E00215396 /* Frameworks */,
				F4C253E822115C9E00215396 /* Resources */,
				8D3417E4E84F9B8E4EEF2036 /* [CP] Embed Pods Frameworks */,
			);
			buildRules = (
			);
			dependencies = (
			);
			name = favotime;
			productName = favotime;
			productReference = F4C253EA22115C9E00215396 /* favotime.app */;
			productType = "com.apple.product-type.application";
		};
/* End PBXNativeTarget section */

/* Begin PBXProject section */
		F4C253E222115C9E00215396 /* Project object */ = {
			isa = PBXProject;
			attributes = {
				LastSwiftUpdateCheck = 1010;
				LastUpgradeCheck = 1010;
				ORGANIZATIONNAME = "Yoshiki Izumi";
				TargetAttributes = {
					F4C253E922115C9E00215396 = {
						CreatedOnToolsVersion = 10.1;
					};
				};
			};
			buildConfigurationList = F4C253E522115C9E00215396 /* Build configuration list for PBXProject "favotime" */;
			compatibilityVersion = "Xcode 9.3";
			developmentRegion = en;
			hasScannedForEncodings = 0;
			knownRegions = (
				en,
				Base,
			);
			mainGroup = F4C253E122115C9E00215396;
			productRefGroup = F4C253EB22115C9E00215396 /* Products */;
			projectDirPath = "";
			projectRoot = "";
			targets = (
				F4C253E922115C9E00215396 /* favotime */,
			);
		};
/* End PBXProject section */

/* Begin PBXResourcesBuildPhase section */
		F4C253E822115C9E00215396 /* Resources */ = {
			isa = PBXResourcesBuildPhase;
			buildActionMask = 2147483647;
			files = (
				F4C253F822115C9F00215396 /* LaunchScreen.storyboard in Resources */,
				F4C253F522115C9F00215396 /* Assets.xcassets in Resources */,
				F4C253F322115C9E00215396 /* Main.storyboard in Resources */,
			);
			runOnlyForDeploymentPostprocessing = 0;
		};
/* End PBXResourcesBuildPhase section */

/* Begin PBXShellScriptBuildPhase section */
		8D3417E4E84F9B8E4EEF2036 /* [CP] Embed Pods Frameworks */ = {
			isa = PBXShellScriptBuildPhase;
			buildActionMask = 2147483647;
			files = (
			);
			inputPaths = (
				"${SRCROOT}/Pods/Target Support Files/Pods-favotime/Pods-favotime-frameworks.sh",
				"${BUILT_PRODUCTS_DIR}/Socket.IO-Client-Swift/SocketIO.framework",
				"${BUILT_PRODUCTS_DIR}/Starscream/Starscream.framework",
			);
			name = "[CP] Embed Pods Frameworks";
			outputPaths = (
				"${TARGET_BUILD_DIR}/${FRAMEWORKS_FOLDER_PATH}/SocketIO.framework",
				"${TARGET_BUILD_DIR}/${FRAMEWORKS_FOLDER_PATH}/Starscream.framework",
			);
			runOnlyForDeploymentPostprocessing = 0;
			shellPath = /bin/sh;
			shellScript = "\"${SRCROOT}/Pods/Target Support Files/Pods-favotime/Pods-favotime-frameworks.sh\"\n";
			showEnvVarsInLog = 0;
		};
		EEFE336131587B8E8331D0B8 /* [CP] Check Pods Manifest.lock */ = {
			isa = PBXShellScriptBuildPhase;
			buildActionMask = 2147483647;
			files = (
			);
			inputPaths = (
				"${PODS_PODFILE_DIR_PATH}/Podfile.lock",
				"${PODS_ROOT}/Manifest.lock",
			);
			name = "[CP] Check Pods Manifest.lock";
			outputPaths = (
				"$(DERIVED_FILE_DIR)/Pods-favotime-checkManifestLockResult.txt",
			);
			runOnlyForDeploymentPostprocessing = 0;
			shellPath = /bin/sh;
			shellScript = "diff \"${PODS_PODFILE_DIR_PATH}/Podfile.lock\" \"${PODS_ROOT}/Manifest.lock\" > /dev/null\nif [ $? != 0 ] ; then\n    # print error to STDERR\n    echo \"error: The sandbox is not in sync with the Podfile.lock. Run 'pod install' or update your CocoaPods installation.\" >&2\n    exit 1\nfi\n# This output is used by Xcode 'outputs' to avoid re-running this script phase.\necho \"SUCCESS\" > \"${SCRIPT_OUTPUT_FILE_0}\"\n";
			showEnvVarsInLog = 0;
		};
/* End PBXShellScriptBuildPhase section */

/* Begin PBXSourcesBuildPhase section */
		F4C253E622115C9E00215396 /* Sources */ = {
			isa = PBXSourcesBuildPhase;
			buildActionMask = 2147483647;
			files = (
				F4C2540022115CDA00215396 /* InputViewController.swift in Sources */,
				F4C253F022115C9E00215396 /* ViewController.swift in Sources */,
				F4C253EE22115C9E00215396 /* AppDelegate.swift in Sources */,
			);
			runOnlyForDeploymentPostprocessing = 0;
		};
/* End PBXSourcesBuildPhase section */

/* Begin PBXVariantGroup section */
		F4C253F122115C9E00215396 /* Main.storyboard */ = {
			isa = PBXVariantGroup;
			children = (
				F4C253F222115C9E00215396 /* Base */,
			);
			name = Main.storyboard;
			sourceTree = "<group>";
		};
		F4C253F622115C9F00215396 /* LaunchScreen.storyboard */ = {
			isa = PBXVariantGroup;
			children = (
				F4C253F722115C9F00215396 /* Base */,
			);
			name = LaunchScreen.storyboard;
			sourceTree = "<group>";
		};
/* End PBXVariantGroup section */

/* Begin XCBuildConfiguration section */
		F4C253FA22115C9F00215396 /* Debug */ = {
			isa = XCBuildConfiguration;
			buildSettings = {
				ALWAYS_SEARCH_USER_PATHS = NO;
				CLANG_ANALYZER_NONNULL = YES;
				CLANG_ANALYZER_NUMBER_OBJECT_CONVERSION = YES_AGGRESSIVE;
				CLANG_CXX_LANGUAGE_STANDARD = "gnu++14";
				CLANG_CXX_LIBRARY = "libc++";
				CLANG_ENABLE_MODULES = YES;
				CLANG_ENABLE_OBJC_ARC = YES;
				CLANG_ENABLE_OBJC_WEAK = YES;
				CLANG_WARN_BLOCK_CAPTURE_AUTORELEASING = YES;
				CLANG_WARN_BOOL_CONVERSION = YES;
				CLANG_WARN_COMMA = YES;
				CLANG_WARN_CONSTANT_CONVERSION = YES;
				CLANG_WARN_DEPRECATED_OBJC_IMPLEMENTATIONS = YES;
				CLANG_WARN_DIRECT_OBJC_ISA_USAGE = YES_ERROR;
				CLANG_WARN_DOCUMENTATION_COMMENTS = YES;
				CLANG_WARN_EMPTY_BODY = YES;
				CLANG_WARN_ENUM_CONVERSION = YES;
				CLANG_WARN_INFINITE_RECURSION = YES;
				CLANG_WARN_INT_CONVERSION = YES;
				CLANG_WARN_NON_LITERAL_NULL_CONVERSION = YES;
				CLANG_WARN_OBJC_IMPLICIT_RETAIN_SELF = YES;
				CLANG_WARN_OBJC_LITERAL_CONVERSION = YES;
				CLANG_WARN_OBJC_ROOT_CLASS = YES_ERROR;
				CLANG_WARN_RANGE_LOOP_ANALYSIS = YES;
				CLANG_WARN_STRICT_PROTOTYPES = YES;
				CLANG_WARN_SUSPICIOUS_MOVE = YES;
				CLANG_WARN_UNGUARDED_AVAILABILITY = YES_AGGRESSIVE;
				CLANG_WARN_UNREACHABLE_CODE = YES;
				CLANG_WARN__DUPLICATE_METHOD_MATCH = YES;
				CODE_SIGN_IDENTITY = "iPhone Developer";
				COPY_PHASE_STRIP = NO;
				DEBUG_INFORMATION_FORMAT = dwarf;
				ENABLE_STRICT_OBJC_MSGSEND = YES;
				ENABLE_TESTABILITY = YES;
				GCC_C_LANGUAGE_STANDARD = gnu11;
				GCC_DYNAMIC_NO_PIC = NO;
				GCC_NO_COMMON_BLOCKS = YES;
				GCC_OPTIMIZATION_LEVEL = 0;
				GCC_PREPROCESSOR_DEFINITIONS = (
					"DEBUG=1",
					"$(inherited)",
				);
				GCC_WARN_64_TO_32_BIT_CONVERSION = YES;
				GCC_WARN_ABOUT_RETURN_TYPE = YES_ERROR;
				GCC_WARN_UNDECLARED_SELECTOR = YES;
				GCC_WARN_UNINITIALIZED_AUTOS = YES_AGGRESSIVE;
				GCC_WARN_UNUSED_FUNCTION = YES;
				GCC_WARN_UNUSED_VARIABLE = YES;
				IPHONEOS_DEPLOYMENT_TARGET = 12.1;
				MTL_ENABLE_DEBUG_INFO = INCLUDE_SOURCE;
				MTL_FAST_MATH = YES;
				ONLY_ACTIVE_ARCH = YES;
				SDKROOT = iphoneos;
				SWIFT_ACTIVE_COMPILATION_CONDITIONS = DEBUG;
				SWIFT_OPTIMIZATION_LEVEL = "-Onone";
			};
			name = Debug;
		};
		F4C253FB22115C9F00215396 /* Release */ = {
			isa = XCBuildConfiguration;
			buildSettings = {
				ALWAYS_SEARCH_USER_PATHS = NO;
				CLANG_ANALYZER_NONNULL = YES;
				CLANG_ANALYZER_NUMBER_OBJECT_CONVERSION = YES_AGGRESSIVE;
				CLANG_CXX_LANGUAGE_STANDARD = "gnu++14";
				CLANG_CXX_LIBRARY = "libc++";
				CLANG_ENABLE_MODULES = YES;
				CLANG_ENABLE_OBJC_ARC = YES;
				CLANG_ENABLE_OBJC_WEAK = YES;
				CLANG_WARN_BLOCK_CAPTURE_AUTORELEASING = YES;
				CLANG_WARN_BOOL_CONVERSION = YES;
				CLANG_WARN_COMMA = YES;
				CLANG_WARN_CONSTANT_CONVERSION = YES;
				CLANG_WARN_DEPRECATED_OBJC_IMPLEMENTATIONS = YES;
				CLANG_WARN_DIRECT_OBJC_ISA_USAGE = YES_ERROR;
				CLANG_WARN_DOCUMENTATION_COMMENTS = YES;
				CLANG_WARN_EMPTY_BODY = YES;
				CLANG_WARN_ENUM_CONVERSION = YES;
				CLANG_WARN_INFINITE_RECURSION = YES;
				CLANG_WARN_INT_CONVERSION = YES;
				CLANG_WARN_NON_LITERAL_NULL_CONVERSION = YES;
				CLANG_WARN_OBJC_IMPLICIT_RETAIN_SELF = YES;
				CLANG_WARN_OBJC_LITERAL_CONVERSION = YES;
				CLANG_WARN_OBJC_ROOT_CLASS = YES_ERROR;
				CLANG_WARN_RANGE_LOOP_ANALYSIS = YES;
				CLANG_WARN_STRICT_PROTOTYPES = YES;
				CLANG_WARN_SUSPICIOUS_MOVE = YES;
				CLANG_WARN_UNGUARDED_AVAILABILITY = YES_AGGRESSIVE;
				CLANG_WARN_UNREACHABLE_CODE = YES;
				CLANG_WARN__DUPLICATE_METHOD_MATCH = YES;
				CODE_SIGN_IDENTITY = "iPhone Developer";
				COPY_PHASE_STRIP = NO;
				DEBUG_INFORMATION_FORMAT = "dwarf-with-dsym";
				ENABLE_NS_ASSERTIONS = NO;
				ENABLE_STRICT_OBJC_MSGSEND = YES;
				GCC_C_LANGUAGE_STANDARD = gnu11;
				GCC_NO_COMMON_BLOCKS = YES;
				GCC_WARN_64_TO_32_BIT_CONVERSION = YES;
				GCC_WARN_ABOUT_RETURN_TYPE = YES_ERROR;
				GCC_WARN_UNDECLARED_SELECTOR = YES;
				GCC_WARN_UNINITIALIZED_AUTOS = YES_AGGRESSIVE;
				GCC_WARN_UNUSED_FUNCTION = YES;
				GCC_WARN_UNUSED_VARIABLE = YES;
				IPHONEOS_DEPLOYMENT_TARGET = 12.1;
				MTL_ENABLE_DEBUG_INFO = NO;
				MTL_FAST_MATH = YES;
				SDKROOT = iphoneos;
				SWIFT_COMPILATION_MODE = wholemodule;
				SWIFT_OPTIMIZATION_LEVEL = "-O";
				VALIDATE_PRODUCT = YES;
			};
			name = Release;
		};
		F4C253FD22115C9F00215396 /* Debug */ = {
			isa = XCBuildConfiguration;
			baseConfigurationReference = F69FAC481C85066B72DA60BC /* Pods-favotime.debug.xcconfig */;
			buildSettings = {
				ASSETCATALOG_COMPILER_APPICON_NAME = AppIcon;
				CODE_SIGN_STYLE = Automatic;
				DEVELOPMENT_TEAM = ZSHW56Z6F8;
				INFOPLIST_FILE = favotime/Info.plist;
				LD_RUNPATH_SEARCH_PATHS = (
					"$(inherited)",
					"@executable_path/Frameworks",
				);
				PRODUCT_BUNDLE_IDENTIFIER = jp.techacademy.yoshiki.izumi.favotime;
				PRODUCT_NAME = "$(TARGET_NAME)";
				SWIFT_VERSION = 4.2;
				TARGETED_DEVICE_FAMILY = "1,2";
			};
			name = Debug;
		};
		F4C253FE22115C9F00215396 /* Release */ = {
			isa = XCBuildConfiguration;
			baseConfigurationReference = 7C382284A78AD9C2E362C847 /* Pods-favotime.release.xcconfig */;
			buildSettings = {
				ASSETCATALOG_COMPILER_APPICON_NAME = AppIcon;
				CODE_SIGN_STYLE = Automatic;
				DEVELOPMENT_TEAM = ZSHW56Z6F8;
				INFOPLIST_FILE = favotime/Info.plist;
				LD_RUNPATH_SEARCH_PATHS = (
					"$(inherited)",
					"@executable_path/Frameworks",
				);
				PRODUCT_BUNDLE_IDENTIFIER = jp.techacademy.yoshiki.izumi.favotime;
				PRODUCT_NAME = "$(TARGET_NAME)";
				SWIFT_VERSION = 4.2;
				TARGETED_DEVICE_FAMILY = "1,2";
			};
			name = Release;
		};
/* End XCBuildConfiguration section */

/* Begin XCConfigurationList section */
		F4C253E522115C9E00215396 /* Build configuration list for PBXProject "favotime" */ = {
			isa = XCConfigurationList;
			buildConfigurations = (
				F4C253FA22115C9F00215396 /* Debug */,
				F4C253FB22115C9F00215396 /* Release */,
			);
			defaultConfigurationIsVisible = 0;
			defaultConfigurationName = Release;
		};
		F4C253FC22115C9F00215396 /* Build configuration list for PBXNativeTarget "favotime" */ = {
			isa = XCConfigurationList;
			buildConfigurations = (
				F4C253FD22115C9F00215396 /* Debug */,
				F4C253FE22115C9F00215396 /* Release */,
			);
			defaultConfigurationIsVisible = 0;
			defaultConfigurationName = Release;
		};
/* End XCConfigurationList section */
	};
	rootObject = F4C253E222115C9E00215396 /* Project object */;
}
